// !$*UTF8*$!
{
	archiveVersion = 1;
	classes = {
	};
	objectVersion = 46;
	objects = {

/* Begin PBXBuildFile section */
		B586C6042F28A1BE3C880693 /* libPods-AQSFacebookMessengerActivity.a in Frameworks */ = {isa = PBXBuildFile; fileRef = 84A1E3025550CD0D42B2574D /* libPods-AQSFacebookMessengerActivity.a */; };
		D116178082959594334EE623 /* libPods-AQSFacebookMessengerActivityTests.a in Frameworks */ = {isa = PBXBuildFile; fileRef = F50B226C839362467C2448EE /* libPods-AQSFacebookMessengerActivityTests.a */; };
		D45E8F9D1A11CF92009EA945 /* main.m in Sources */ = {isa = PBXBuildFile; fileRef = D45E8F9C1A11CF92009EA945 /* main.m */; };
		D45E8FA01A11CF92009EA945 /* AppDelegate.m in Sources */ = {isa = PBXBuildFile; fileRef = D45E8F9F1A11CF92009EA945 /* AppDelegate.m */; };
		D45E8FA31A11CF92009EA945 /* ViewController.m in Sources */ = {isa = PBXBuildFile; fileRef = D45E8FA21A11CF92009EA945 /* ViewController.m */; };
		D45E8FA61A11CF92009EA945 /* Main.storyboard in Resources */ = {isa = PBXBuildFile; fileRef = D45E8FA41A11CF92009EA945 /* Main.storyboard */; };
		D45E8FA81A11CF92009EA945 /* Images.xcassets in Resources */ = {isa = PBXBuildFile; fileRef = D45E8FA71A11CF92009EA945 /* Images.xcassets */; };
		D45E8FAB1A11CF92009EA945 /* LaunchScreen.xib in Resources */ = {isa = PBXBuildFile; fileRef = D45E8FA91A11CF92009EA945 /* LaunchScreen.xib */; };
		D45E8FB71A11CF92009EA945 /* AQSFacebookMessengerActivityTests.m in Sources */ = {isa = PBXBuildFile; fileRef = D45E8FB61A11CF92009EA945 /* AQSFacebookMessengerActivityTests.m */; };
		D45E8FC31A11D10F009EA945 /* AQSFacebookMessengerActivity.m in Sources */ = {isa = PBXBuildFile; fileRef = D45E8FC21A11D10F009EA945 /* AQSFacebookMessengerActivity.m */; };
		D45E8FC51A11D118009EA945 /* AQSFacebookMessengerActivity.xcassets in Resources */ = {isa = PBXBuildFile; fileRef = D45E8FC41A11D118009EA945 /* AQSFacebookMessengerActivity.xcassets */; };
/* End PBXBuildFile section */

/* Begin PBXContainerItemProxy section */
		D45E8FB11A11CF92009EA945 /* PBXContainerItemProxy */ = {
			isa = PBXContainerItemProxy;
			containerPortal = D45E8F8F1A11CF92009EA945 /* Project object */;
			proxyType = 1;
			remoteGlobalIDString = D45E8F961A11CF92009EA945;
			remoteInfo = AQSFacebookMessengerActivity;
		};
/* End PBXContainerItemProxy section */

/* Begin PBXFileReference section */
		308A07C1FE738E992842A6D3 /* Pods-AQSFacebookMessengerActivityTests.release.xcconfig */ = {isa = PBXFileReference; includeInIndex = 1; lastKnownFileType = text.xcconfig; name = "Pods-AQSFacebookMessengerActivityTests.release.xcconfig"; path = "Pods/Target Support Files/Pods-AQSFacebookMessengerActivityTests/Pods-AQSFacebookMessengerActivityTests.release.xcconfig"; sourceTree = "<group>"; };
		84A1E3025550CD0D42B2574D /* libPods-AQSFacebookMessengerActivity.a */ = {isa = PBXFileReference; explicitFileType = archive.ar; includeInIndex = 0; path = "libPods-AQSFacebookMessengerActivity.a"; sourceTree = BUILT_PRODUCTS_DIR; };
		A9686C0742F71391306BE631 /* Pods-AQSFacebookMessengerActivity.release.xcconfig */ = {isa = PBXFileReference; includeInIndex = 1; lastKnownFileType = text.xcconfig; name = "Pods-AQSFacebookMessengerActivity.release.xcconfig"; path = "Pods/Target Support Files/Pods-AQSFacebookMessengerActivity/Pods-AQSFacebookMessengerActivity.release.xcconfig"; sourceTree = "<group>"; };
		D45E8F971A11CF92009EA945 /* AQSFacebookMessengerActivity.app */ = {isa = PBXFileReference; explicitFileType = wrapper.application; includeInIndex = 0; path = AQSFacebookMessengerActivity.app; sourceTree = BUILT_PRODUCTS_DIR; };
		D45E8F9B1A11CF92009EA945 /* Info.plist */ = {isa = PBXFileReference; lastKnownFileType = text.plist.xml; path = Info.plist; sourceTree = "<group>"; };
		D45E8F9C1A11CF92009EA945 /* main.m */ = {isa = PBXFileReference; lastKnownFileType = sourcecode.c.objc; path = main.m; sourceTree = "<group>"; };
		D45E8F9E1A11CF92009EA945 /* AppDelegate.h */ = {isa = PBXFileReference; lastKnownFileType = sourcecode.c.h; path = AppDelegate.h; sourceTree = "<group>"; };
		D45E8F9F1A11CF92009EA945 /* AppDelegate.m */ = {isa = PBXFileReference; lastKnownFileType = sourcecode.c.objc; path = AppDelegate.m; sourceTree = "<group>"; };
		D45E8FA11A11CF92009EA945 /* ViewController.h */ = {isa = PBXFileReference; lastKnownFileType = sourcecode.c.h; path = ViewController.h; sourceTree = "<group>"; };
		D45E8FA21A11CF92009EA945 /* ViewController.m */ = {isa = PBXFileReference; lastKnownFileType = sourcecode.c.objc; path = ViewController.m; sourceTree = "<group>"; };
		D45E8FA51A11CF92009EA945 /* Base */ = {isa = PBXFileReference; lastKnownFileType = file.storyboard; name = Base; path = Base.lproj/Main.storyboard; sourceTree = "<group>"; };
		D45E8FA71A11CF92009EA945 /* Images.xcassets */ = {isa = PBXFileReference; lastKnownFileType = folder.assetcatalog; path = Images.xcassets; sourceTree = "<group>"; };
		D45E8FAA1A11CF92009EA945 /* Base */ = {isa = PBXFileReference; lastKnownFileType = file.xib; name = Base; path = Base.lproj/LaunchScreen.xib; sourceTree = "<group>"; };
		D45E8FB01A11CF92009EA945 /* AQSFacebookMessengerActivityTests.xctest */ = {isa = PBXFileReference; explicitFileType = wrapper.cfbundle; includeInIndex = 0; path = AQSFacebookMessengerActivityTests.xctest; sourceTree = BUILT_PRODUCTS_DIR; };
		D45E8FB51A11CF92009EA945 /* Info.plist */ = {isa = PBXFileReference; lastKnownFileType = text.plist.xml; path = Info.plist; sourceTree = "<group>"; };
		D45E8FB61A11CF92009EA945 /* AQSFacebookMessengerActivityTests.m */ = {isa = PBXFileReference; lastKnownFileType = sourcecode.c.objc; path = AQSFacebookMessengerActivityTests.m; sourceTree = "<group>"; };
		D45E8FC11A11D10F009EA945 /* AQSFacebookMessengerActivity.h */ = {isa = PBXFileReference; fileEncoding = 4; lastKnownFileType = sourcecode.c.h; path = AQSFacebookMessengerActivity.h; sourceTree = "<group>"; };
		D45E8FC21A11D10F009EA945 /* AQSFacebookMessengerActivity.m */ = {isa = PBXFileReference; fileEncoding = 4; lastKnownFileType = sourcecode.c.objc; path = AQSFacebookMessengerActivity.m; sourceTree = "<group>"; };
		D45E8FC41A11D118009EA945 /* AQSFacebookMessengerActivity.xcassets */ = {isa = PBXFileReference; lastKnownFileType = folder.assetcatalog; path = AQSFacebookMessengerActivity.xcassets; sourceTree = "<group>"; };
		DCAA85F76BB3AAF91CD4CBA5 /* Pods-AQSFacebookMessengerActivityTests.debug.xcconfig */ = {isa = PBXFileReference; includeInIndex = 1; lastKnownFileType = text.xcconfig; name = "Pods-AQSFacebookMessengerActivityTests.debug.xcconfig"; path = "Pods/Target Support Files/Pods-AQSFacebookMessengerActivityTests/Pods-AQSFacebookMessengerActivityTests.debug.xcconfig"; sourceTree = "<group>"; };
		F50B226C839362467C2448EE /* libPods-AQSFacebookMessengerActivityTests.a */ = {isa = PBXFileReference; explicitFileType = archive.ar; includeInIndex = 0; path = "libPods-AQSFacebookMessengerActivityTests.a"; sourceTree = BUILT_PRODUCTS_DIR; };
		F75AE22CCF1F79EB7E3E61AD /* Pods-AQSFacebookMessengerActivity.debug.xcconfig */ = {isa = PBXFileReference; includeInIndex = 1; lastKnownFileType = text.xcconfig; name = "Pods-AQSFacebookMessengerActivity.debug.xcconfig"; path = "Pods/Target Support Files/Pods-AQSFacebookMessengerActivity/Pods-AQSFacebookMessengerActivity.debug.xcconfig"; sourceTree = "<group>"; };
/* End PBXFileReference section */

/* Begin PBXFrameworksBuildPhase section */
		D45E8F941A11CF92009EA945 /* Frameworks */ = {
			isa = PBXFrameworksBuildPhase;
			buildActionMask = 2147483647;
			files = (
				B586C6042F28A1BE3C880693 /* libPods-AQSFacebookMessengerActivity.a in Frameworks */,
			);
			runOnlyForDeploymentPostprocessing = 0;
		};
		D45E8FAD1A11CF92009EA945 /* Frameworks */ = {
			isa = PBXFrameworksBuildPhase;
			buildActionMask = 2147483647;
			files = (
				D116178082959594334EE623 /* libPods-AQSFacebookMessengerActivityTests.a in Frameworks */,
			);
			runOnlyForDeploymentPostprocessing = 0;
		};
/* End PBXFrameworksBuildPhase section */

/* Begin PBXGroup section */
		3503D9C82061AA28F7BE323C /* Frameworks */ = {
			isa = PBXGroup;
			children = (
				84A1E3025550CD0D42B2574D /* libPods-AQSFacebookMessengerActivity.a */,
				F50B226C839362467C2448EE /* libPods-AQSFacebookMessengerActivityTests.a */,
			);
			name = Frameworks;
			sourceTree = "<group>";
		};
		D45E8F8E1A11CF92009EA945 = {
			isa = PBXGroup;
			children = (
				D45E8F991A11CF92009EA945 /* AQSFacebookMessengerActivity */,
				D45E8FB31A11CF92009EA945 /* AQSFacebookMessengerActivityTests */,
				D45E8F981A11CF92009EA945 /* Products */,
				F144313B7CC9D8FB521409F9 /* Pods */,
				3503D9C82061AA28F7BE323C /* Frameworks */,
			);
			sourceTree = "<group>";
		};
		D45E8F981A11CF92009EA945 /* Products */ = {
			isa = PBXGroup;
			children = (
				D45E8F971A11CF92009EA945 /* AQSFacebookMessengerActivity.app */,
				D45E8FB01A11CF92009EA945 /* AQSFacebookMessengerActivityTests.xctest */,
			);
			name = Products;
			sourceTree = "<group>";
		};
		D45E8F991A11CF92009EA945 /* AQSFacebookMessengerActivity */ = {
			isa = PBXGroup;
			children = (
				D45E8FC01A11D105009EA945 /* Classes */,
				D45E8F9E1A11CF92009EA945 /* AppDelegate.h */,
				D45E8F9F1A11CF92009EA945 /* AppDelegate.m */,
				D45E8FA11A11CF92009EA945 /* ViewController.h */,
				D45E8FA21A11CF92009EA945 /* ViewController.m */,
				D45E8FA41A11CF92009EA945 /* Main.storyboard */,
				D45E8FA71A11CF92009EA945 /* Images.xcassets */,
				D45E8FA91A11CF92009EA945 /* LaunchScreen.xib */,
				D45E8F9A1A11CF92009EA945 /* Supporting Files */,
			);
			path = AQSFacebookMessengerActivity;
			sourceTree = "<group>";
		};
		D45E8F9A1A11CF92009EA945 /* Supporting Files */ = {
			isa = PBXGroup;
			children = (
				D45E8F9B1A11CF92009EA945 /* Info.plist */,
				D45E8F9C1A11CF92009EA945 /* main.m */,
			);
			name = "Supporting Files";
			sourceTree = "<group>";
		};
		D45E8FB31A11CF92009EA945 /* AQSFacebookMessengerActivityTests */ = {
			isa = PBXGroup;
			children = (
				D45E8FB61A11CF92009EA945 /* AQSFacebookMessengerActivityTests.m */,
				D45E8FB41A11CF92009EA945 /* Supporting Files */,
			);
			path = AQSFacebookMessengerActivityTests;
			sourceTree = "<group>";
		};
		D45E8FB41A11CF92009EA945 /* Supporting Files */ = {
			isa = PBXGroup;
			children = (
				D45E8FB51A11CF92009EA945 /* Info.plist */,
			);
			name = "Supporting Files";
			sourceTree = "<group>";
		};
		D45E8FC01A11D105009EA945 /* Classes */ = {
			isa = PBXGroup;
			children = (
				D45E8FC11A11D10F009EA945 /* AQSFacebookMessengerActivity.h */,
				D45E8FC21A11D10F009EA945 /* AQSFacebookMessengerActivity.m */,
				D45E8FC41A11D118009EA945 /* AQSFacebookMessengerActivity.xcassets */,
			);
			path = Classes;
			sourceTree = "<group>";
		};
		F144313B7CC9D8FB521409F9 /* Pods */ = {
			isa = PBXGroup;
			children = (
				F75AE22CCF1F79EB7E3E61AD /* Pods-AQSFacebookMessengerActivity.debug.xcconfig */,
				A9686C0742F71391306BE631 /* Pods-AQSFacebookMessengerActivity.release.xcconfig */,
				DCAA85F76BB3AAF91CD4CBA5 /* Pods-AQSFacebookMessengerActivityTests.debug.xcconfig */,
				308A07C1FE738E992842A6D3 /* Pods-AQSFacebookMessengerActivityTests.release.xcconfig */,
			);
			name = Pods;
			sourceTree = "<group>";
		};
/* End PBXGroup section */

/* Begin PBXNativeTarget section */
		D45E8F961A11CF92009EA945 /* AQSFacebookMessengerActivity */ = {
			isa = PBXNativeTarget;
			buildConfigurationList = D45E8FBA1A11CF92009EA945 /* Build configuration list for PBXNativeTarget "AQSFacebookMessengerActivity" */;
			buildPhases = (
				DEE286040FDDD90E0F1D46D9 /* Check Pods Manifest.lock */,
				D45E8F931A11CF92009EA945 /* Sources */,
				D45E8F941A11CF92009EA945 /* Frameworks */,
				D45E8F951A11CF92009EA945 /* Resources */,
				4D016A91D2D1EC2A318CEF2F /* Copy Pods Resources */,
			);
			buildRules = (
			);
			dependencies = (
			);
			name = AQSFacebookMessengerActivity;
			productName = AQSFacebookMessengerActivity;
			productReference = D45E8F971A11CF92009EA945 /* AQSFacebookMessengerActivity.app */;
			productType = "com.apple.product-type.application";
		};
		D45E8FAF1A11CF92009EA945 /* AQSFacebookMessengerActivityTests */ = {
			isa = PBXNativeTarget;
			buildConfigurationList = D45E8FBD1A11CF92009EA945 /* Build configuration list for PBXNativeTarget "AQSFacebookMessengerActivityTests" */;
			buildPhases = (
				BA12EC10075041E233E63881 /* Check Pods Manifest.lock */,
				D45E8FAC1A11CF92009EA945 /* Sources */,
				D45E8FAD1A11CF92009EA945 /* Frameworks */,
				D45E8FAE1A11CF92009EA945 /* Resources */,
				60F3345690A3A2E09028608A /* Copy Pods Resources */,
			);
			buildRules = (
			);
			dependencies = (
				D45E8FB21A11CF92009EA945 /* PBXTargetDependency */,
			);
			name = AQSFacebookMessengerActivityTests;
			productName = AQSFacebookMessengerActivityTests;
			productReference = D45E8FB01A11CF92009EA945 /* AQSFacebookMessengerActivityTests.xctest */;
			productType = "com.apple.product-type.bundle.unit-test";
		};
/* End PBXNativeTarget section */

/* Begin PBXProject section */
		D45E8F8F1A11CF92009EA945 /* Project object */ = {
			isa = PBXProject;
			attributes = {
				LastUpgradeCheck = 0610;
				ORGANIZATIONNAME = Aquamarine;
				TargetAttributes = {
					D45E8F961A11CF92009EA945 = {
						CreatedOnToolsVersion = 6.1;
					};
					D45E8FAF1A11CF92009EA945 = {
						CreatedOnToolsVersion = 6.1;
						TestTargetID = D45E8F961A11CF92009EA945;
					};
				};
			};
			buildConfigurationList = D45E8F921A11CF92009EA945 /* Build configuration list for PBXProject "AQSFacebookMessengerActivity" */;
			compatibilityVersion = "Xcode 3.2";
			developmentRegion = English;
			hasScannedForEncodings = 0;
			knownRegions = (
				en,
				Base,
			);
			mainGroup = D45E8F8E1A11CF92009EA945;
			productRefGroup = D45E8F981A11CF92009EA945 /* Products */;
			projectDirPath = "";
			projectRoot = "";
			targets = (
				D45E8F961A11CF92009EA945 /* AQSFacebookMessengerActivity */,
				D45E8FAF1A11CF92009EA945 /* AQSFacebookMessengerActivityTests */,
			);
		};
/* End PBXProject section */

/* Begin PBXResourcesBuildPhase section */
		D45E8F951A11CF92009EA945 /* Resources */ = {
			isa = PBXResourcesBuildPhase;
			buildActionMask = 2147483647;
			files = (
				D45E8FA61A11CF92009EA945 /* Main.storyboard in Resources */,
				D45E8FAB1A11CF92009EA945 /* LaunchScreen.xib in Resources */,
				D45E8FC51A11D118009EA945 /* AQSFacebookMessengerActivity.xcassets in Resources */,
				D45E8FA81A11CF92009EA945 /* Images.xcassets in Resources */,
			);
			runOnlyForDeploymentPostprocessing = 0;
		};
		D45E8FAE1A11CF92009EA945 /* Resources */ = {
			isa = PBXResourcesBuildPhase;
			buildActionMask = 2147483647;
			files = (
			);
			runOnlyForDeploymentPostprocessing = 0;
		};
/* End PBXResourcesBuildPhase section */

/* Begin PBXShellScriptBuildPhase section */
		4D016A91D2D1EC2A318CEF2F /* Copy Pods Resources */ = {
			isa = PBXShellScriptBuildPhase;
			buildActionMask = 2147483647;
			files = (
			);
			inputPaths = (
			);
			name = "Copy Pods Resources";
			outputPaths = (
			);
			runOnlyForDeploymentPostprocessing = 0;
			shellPath = /bin/sh;
			shellScript = "\"${SRCROOT}/Pods/Target Support Files/Pods-AQSFacebookMessengerActivity/Pods-AQSFacebookMessengerActivity-resources.sh\"\n";
			showEnvVarsInLog = 0;
		};
		60F3345690A3A2E09028608A /* Copy Pods Resources */ = {
			isa = PBXShellScriptBuildPhase;
			buildActionMask = 2147483647;
			files = (
			);
			inputPaths = (
			);
			name = "Copy Pods Resources";
			outputPaths = (
			);
			runOnlyForDeploymentPostprocessing = 0;
			shellPath = /bin/sh;
			shellScript = "\"${SRCROOT}/Pods/Target Support Files/Pods-AQSFacebookMessengerActivityTests/Pods-AQSFacebookMessengerActivityTests-resources.sh\"\n";
			showEnvVarsInLog = 0;
		};
		BA12EC10075041E233E63881 /* Check Pods Manifest.lock */ = {
			isa = PBXShellScriptBuildPhase;
			buildActionMask = 2147483647;
			files = (
			);
			inputPaths = (
			);
			name = "Check Pods Manifest.lock";
			outputPaths = (
			);
			runOnlyForDeploymentPostprocessing = 0;
			shellPath = /bin/sh;
			shellScript = "diff \"${PODS_ROOT}/../Podfile.lock\" \"${PODS_ROOT}/Manifest.lock\" > /dev/null\nif [[ $? != 0 ]] ; then\n    cat << EOM\nerror: The sandbox is not in sync with the Podfile.lock. Run 'pod install' or update your CocoaPods installation.\nEOM\n    exit 1\nfi\n";
			showEnvVarsInLog = 0;
		};
		DEE286040FDDD90E0F1D46D9 /* Check Pods Manifest.lock */ = {
			isa = PBXShellScriptBuildPhase;
			buildActionMask = 2147483647;
			files = (
			);
			inputPaths = (
			);
			name = "Check Pods Manifest.lock";
			outputPaths = (
			);
			runOnlyForDeploymentPostprocessing = 0;
			shellPath = /bin/sh;
			shellScript = "diff \"${PODS_ROOT}/../Podfile.lock\" \"${PODS_ROOT}/Manifest.lock\" > /dev/null\nif [[ $? != 0 ]] ; then\n    cat << EOM\nerror: The sandbox is not in sync with the Podfile.lock. Run 'pod install' or update your CocoaPods installation.\nEOM\n    exit 1\nfi\n";
			showEnvVarsInLog = 0;
		};
/* End PBXShellScriptBuildPhase section */

/* Begin PBXSourcesBuildPhase section */
		D45E8F931A11CF92009EA945 /* Sources */ = {
			isa = PBXSourcesBuildPhase;
			buildActionMask = 2147483647;
			files = (
				D45E8FA31A11CF92009EA945 /* ViewController.m in Sources */,
				D45E8FA01A11CF92009EA945 /* AppDelegate.m in Sources */,
				D45E8FC31A11D10F009EA945 /* AQSFacebookMessengerActivity.m in Sources */,
				D45E8F9D1A11CF92009EA945 /* main.m in Sources */,
			);
			runOnlyForDeploymentPostprocessing = 0;
		};
		D45E8FAC1A11CF92009EA945 /* Sources */ = {
			isa = PBXSourcesBuildPhase;
			buildActionMask = 2147483647;
			files = (
				D45E8FB71A11CF92009EA945 /* AQSFacebookMessengerActivityTests.m in Sources */,
			);
			runOnlyForDeploymentPostprocessing = 0;
		};
/* End PBXSourcesBuildPhase section */

/* Begin PBXTargetDependency section */
		D45E8FB21A11CF92009EA945 /* PBXTargetDependency */ = {
			isa = PBXTargetDependency;
			target = D45E8F961A11CF92009EA945 /* AQSFacebookMessengerActivity */;
			targetProxy = D45E8FB11A11CF92009EA945 /* PBXContainerItemProxy */;
		};
/* End PBXTargetDependency section */

/* Begin PBXVariantGroup section */
		D45E8FA41A11CF92009EA945 /* Main.storyboard */ = {
			isa = PBXVariantGroup;
			children = (
				D45E8FA51A11CF92009EA945 /* Base */,
			);
			name = Main.storyboard;
			sourceTree = "<group>";
		};
		D45E8FA91A11CF92009EA945 /* LaunchScreen.xib */ = {
			isa = PBXVariantGroup;
			children = (
				D45E8FAA1A11CF92009EA945 /* Base */,
			);
			name = LaunchScreen.xib;
			sourceTree = "<group>";
		};
/* End PBXVariantGroup section */

/* Begin XCBuildConfiguration section */
		D45E8FB81A11CF92009EA945 /* Debug */ = {
			isa = XCBuildConfiguration;
			buildSettings = {
				ALWAYS_SEARCH_USER_PATHS = NO;
				CLANG_CXX_LANGUAGE_STANDARD = "gnu++0x";
				CLANG_CXX_LIBRARY = "libc++";
				CLANG_ENABLE_MODULES = YES;
				CLANG_ENABLE_OBJC_ARC = YES;
				CLANG_WARN_BOOL_CONVERSION = YES;
				CLANG_WARN_CONSTANT_CONVERSION = YES;
				CLANG_WARN_DIRECT_OBJC_ISA_USAGE = YES_ERROR;
				CLANG_WARN_EMPTY_BODY = YES;
				CLANG_WARN_ENUM_CONVERSION = YES;
				CLANG_WARN_INT_CONVERSION = YES;
				CLANG_WARN_OBJC_ROOT_CLASS = YES_ERROR;
				CLANG_WARN_UNREACHABLE_CODE = YES;
				CLANG_WARN__DUPLICATE_METHOD_MATCH = YES;
				"CODE_SIGN_IDENTITY[sdk=iphoneos*]" = "iPhone Developer";
				COPY_PHASE_STRIP = NO;
				ENABLE_STRICT_OBJC_MSGSEND = YES;
				GCC_C_LANGUAGE_STANDARD = gnu99;
				GCC_DYNAMIC_NO_PIC = NO;
				GCC_OPTIMIZATION_LEVEL = 0;
				GCC_PREPROCESSOR_DEFINITIONS = (
					"DEBUG=1",
					"$(inherited)",
				);
				GCC_SYMBOLS_PRIVATE_EXTERN = NO;
				GCC_WARN_64_TO_32_BIT_CONVERSION = YES;
				GCC_WARN_ABOUT_RETURN_TYPE = YES_ERROR;
				GCC_WARN_UNDECLARED_SELECTOR = YES;
				GCC_WARN_UNINITIALIZED_AUTOS = YES_AGGRESSIVE;
				GCC_WARN_UNUSED_FUNCTION = YES;
				GCC_WARN_UNUSED_VARIABLE = YES;
				IPHONEOS_DEPLOYMENT_TARGET = 8.1;
				MTL_ENABLE_DEBUG_INFO = YES;
				ONLY_ACTIVE_ARCH = YES;
				SDKROOT = iphoneos;
			};
			name = Debug;
		};
		D45E8FB91A11CF92009EA945 /* Release */ = {
			isa = XCBuildConfiguration;
			buildSettings = {
				ALWAYS_SEARCH_USER_PATHS = NO;
				CLANG_CXX_LANGUAGE_STANDARD = "gnu++0x";
				CLANG_CXX_LIBRARY = "libc++";
				CLANG_ENABLE_MODULES = YES;
				CLANG_ENABLE_OBJC_ARC = YES;
				CLANG_WARN_BOOL_CONVERSION = YES;
				CLANG_WARN_CONSTANT_CONVERSION = YES;
				CLANG_WARN_DIRECT_OBJC_ISA_USAGE = YES_ERROR;
				CLANG_WARN_EMPTY_BODY = YES;
				CLANG_WARN_ENUM_CONVERSION = YES;
				CLANG_WARN_INT_CONVERSION = YES;
				CLANG_WARN_OBJC_ROOT_CLASS = YES_ERROR;
				CLANG_WARN_UNREACHABLE_CODE = YES;
				CLANG_WARN__DUPLICATE_METHOD_MATCH = YES;
				"CODE_SIGN_IDENTITY[sdk=iphoneos*]" = "iPhone Developer";
				COPY_PHASE_STRIP = YES;
				ENABLE_NS_ASSERTIONS = NO;
				ENABLE_STRICT_OBJC_MSGSEND = YES;
				GCC_C_LANGUAGE_STANDARD = gnu99;
				GCC_WARN_64_TO_32_BIT_CONVERSION = YES;
				GCC_WARN_ABOUT_RETURN_TYPE = YES_ERROR;
				GCC_WARN_UNDECLARED_SELECTOR = YES;
				GCC_WARN_UNINITIALIZED_AUTOS = YES_AGGRESSIVE;
				GCC_WARN_UNUSED_FUNCTION = YES;
				GCC_WARN_UNUSED_VARIABLE = YES;
				IPHONEOS_DEPLOYMENT_TARGET = 8.1;
				MTL_ENABLE_DEBUG_INFO = NO;
				SDKROOT = iphoneos;
				VALIDATE_PRODUCT = YES;
			};
			name = Release;
		};
		D45E8FBB1A11CF92009EA945 /* Debug */ = {
			isa = XCBuildConfiguration;
			baseConfigurationReference = F75AE22CCF1F79EB7E3E61AD /* Pods-AQSFacebookMessengerActivity.debug.xcconfig */;
			buildSettings = {
				ASSETCATALOG_COMPILER_APPICON_NAME = AppIcon;
				INFOPLIST_FILE = AQSFacebookMessengerActivity/Info.plist;
				IPHONEOS_DEPLOYMENT_TARGET = 7.0;
				LD_RUNPATH_SEARCH_PATHS = "$(inherited) @executable_path/Frameworks";
				PRODUCT_NAME = "$(TARGET_NAME)";
			};
			name = Debug;
		};
		D45E8FBC1A11CF92009EA945 /* Release */ = {
			isa = XCBuildConfiguration;
			baseConfigurationReference = A9686C0742F71391306BE631 /* Pods-AQSFacebookMessengerActivity.release.xcconfig */;
			buildSettings = {
				ASSETCATALOG_COMPILER_APPICON_NAME = AppIcon;
				INFOPLIST_FILE = AQSFacebookMessengerActivity/Info.plist;
				IPHONEOS_DEPLOYMENT_TARGET = 7.0;
				LD_RUNPATH_SEARCH_PATHS = "$(inherited) @executable_path/Frameworks";
				PRODUCT_NAME = "$(TARGET_NAME)";
			};
			name = Release;
		};
		D45E8FBE1A11CF92009EA945 /* Debug */ = {
			isa = XCBuildConfiguration;
			baseConfigurationReference = DCAA85F76BB3AAF91CD4CBA5 /* Pods-AQSFacebookMessengerActivityTests.debug.xcconfig */;
			buildSettings = {
				BUNDLE_LOADER = "$(TEST_HOST)";
				FRAMEWORK_SEARCH_PATHS = (
					"$(SDKROOT)/Developer/Library/Frameworks",
					"$(inherited)",
				);
				GCC_PREPROCESSOR_DEFINITIONS = (
					"DEBUG=1",
					"$(inherited)",
				);
				INFOPLIST_FILE = AQSFacebookMessengerActivityTests/Info.plist;
				LD_RUNPATH_SEARCH_PATHS = "$(inherited) @executable_path/Frameworks @loader_path/Frameworks";
				PRODUCT_NAME = "$(TARGET_NAME)";
				TEST_HOST = "$(BUILT_PRODUCTS_DIR)/AQSFacebookMessengerActivity.app/AQSFacebookMessengerActivity";
			};
			name = Debug;
		};
		D45E8FBF1A11CF92009EA945 /* Release */ = {
			isa = XCBuildConfiguration;
			baseConfigurationReference = 308A07C1FE738E992842A6D3 /* Pods-AQSFacebookMessengerActivityTests.release.xcconfig */;
			buildSettings = {
				BUNDLE_LOADER = "$(TEST_HOST)";
				FRAMEWORK_SEARCH_PATHS = (
					"$(SDKROOT)/Developer/Library/Frameworks",
					"$(inherited)",
				);
				INFOPLIST_FILE = AQSFacebookMessengerActivityTests/Info.plist;
				LD_RUNPATH_SEARCH_PATHS = "$(inherited) @executable_path/Frameworks @loader_path/Frameworks";
				PRODUCT_NAME = "$(TARGET_NAME)";
				TEST_HOST = "$(BUILT_PRODUCTS_DIR)/AQSFacebookMessengerActivity.app/AQSFacebookMessengerActivity";
			};
			name = Release;
		};
/* End XCBuildConfiguration section */

/* Begin XCConfigurationList section */
		D45E8F921A11CF92009EA945 /* Build configuration list for PBXProject "AQSFacebookMessengerActivity" */ = {
			isa = XCConfigurationList;
			buildConfigurations = (
				D45E8FB81A11CF92009EA945 /* Debug */,
				D45E8FB91A11CF92009EA945 /* Release */,
			);
			defaultConfigurationIsVisible = 0;
			defaultConfigurationName = Release;
		};
		D45E8FBA1A11CF92009EA945 /* Build configuration list for PBXNativeTarget "AQSFacebookMessengerActivity" */ = {
			isa = XCConfigurationList;
			buildConfigurations = (
				D45E8FBB1A11CF92009EA945 /* Debug */,
				D45E8FBC1A11CF92009EA945 /* Release */,
			);
			defaultConfigurationIsVisible = 0;
			defaultConfigurationName = Release;
		};
		D45E8FBD1A11CF92009EA945 /* Build configuration list for PBXNativeTarget "AQSFacebookMessengerActivityTests" */ = {
			isa = XCConfigurationList;
			buildConfigurations = (
				D45E8FBE1A11CF92009EA945 /* Debug */,
				D45E8FBF1A11CF92009EA945 /* Release */,
			);
			defaultConfigurationIsVisible = 0;
			defaultConfigurationName = Release;
		};
/* End XCConfigurationList section */
	};
	rootObject = D45E8F8F1A11CF92009EA945 /* Project object */;
}
